{
  "version": "v1",
  "packages": {
    "erddap-parser": {
      "signature": "aefc26bc7f8d55c70a87acaaa9c66dbc",
      "file": true,
      "replaced": "akbstone/erddap-parser-js"
    },
    "erddap-timeseries-chart": {
      "signature": "bb4fc1ca6cb688b904ee4bd67324c3e7",
      "file": true,
      "replaced": "github:akbstone/erddap-timeseries-chart-js"
    }
  }
}